
Microsoft Visual Studio Solution File, Format Version 12.00
# Visual Studio Version 16
VisualStudioVersion = 16.0.30128.74
MinimumVisualStudioVersion = 10.0.40219.1
Project("{FAE04EC0-301F-11D3-BF4B-00C04F79EFBC}") = "TickTime.Api", "TickTime.Api\TickTime.Api.csproj", "{40596A8F-2C25-49AC-9849-CD5AF41A105A}"
	ProjectSection(ProjectDependencies) = postProject
		{DF3076C8-E5BD-422F-A702-B6B5FBBCCEF9} = {DF3076C8-E5BD-422F-A702-B6B5FBBCCEF9}
		{60014BE5-B546-4816-A211-0C769B7FEB0F} = {60014BE5-B546-4816-A211-0C769B7FEB0F}
	EndProjectSection
EndProject
Project("{FAE04EC0-301F-11D3-BF4B-00C04F79EFBC}") = "TickTime.Application", "TickTime.Application\TickTime.Application.csproj", "{DF3076C8-E5BD-422F-A702-B6B5FBBCCEF9}"
EndProject
Project("{FAE04EC0-301F-11D3-BF4B-00C04F79EFBC}") = "TickTime.Core", "TickTime.Core\TickTime.Core.csproj", "{60014BE5-B546-4816-A211-0C769B7FEB0F}"
EndProject
Project("{FAE04EC0-301F-11D3-BF4B-00C04F79EFBC}") = "TickTime.Tests", "TickTime.Tests\TickTime.Tests.csproj", "{FD51C331-1185-4BD3-BC64-955E10E17A30}"
EndProject
Global
	GlobalSection(SolutionConfigurationPlatforms) = preSolution
		Debug|Any CPU = Debug|Any CPU
		Release|Any CPU = Release|Any CPU
	EndGlobalSection
	GlobalSection(ProjectConfigurationPlatforms) = postSolution
		{40596A8F-2C25-49AC-9849-CD5AF41A105A}.Debug|Any CPU.ActiveCfg = Debug|Any CPU
		{40596A8F-2C25-49AC-9849-CD5AF41A105A}.Debug|Any CPU.Build.0 = Debug|Any CPU
		{40596A8F-2C25-49AC-9849-CD5AF41A105A}.Release|Any CPU.ActiveCfg = Release|Any CPU
		{40596A8F-2C25-49AC-9849-CD5AF41A105A}.Release|Any CPU.Build.0 = Release|Any CPU
		{DF3076C8-E5BD-422F-A702-B6B5FBBCCEF9}.Debug|Any CPU.ActiveCfg = Debug|Any CPU
		{DF3076C8-E5BD-422F-A702-B6B5FBBCCEF9}.Debug|Any CPU.Build.0 = Debug|Any CPU
		{DF3076C8-E5BD-422F-A702-B6B5FBBCCEF9}.Release|Any CPU.ActiveCfg = Release|Any CPU
		{DF3076C8-E5BD-422F-A702-B6B5FBBCCEF9}.Release|Any CPU.Build.0 = Release|Any CPU
		{60014BE5-B546-4816-A211-0C769B7FEB0F}.Debug|Any CPU.ActiveCfg = Debug|Any CPU
		{60014BE5-B546-4816-A211-0C769B7FEB0F}.Debug|Any CPU.Build.0 = Debug|Any CPU
		{60014BE5-B546-4816-A211-0C769B7FEB0F}.Release|Any CPU.ActiveCfg = Release|Any CPU
		{60014BE5-B546-4816-A211-0C769B7FEB0F}.Release|Any CPU.Build.0 = Release|Any CPU
		{FD51C331-1185-4BD3-BC64-955E10E17A30}.Debug|Any CPU.ActiveCfg = Debug|Any CPU
		{FD51C331-1185-4BD3-BC64-955E10E17A30}.Debug|Any CPU.Build.0 = Debug|Any CPU
		{FD51C331-1185-4BD3-BC64-955E10E17A30}.Release|Any CPU.ActiveCfg = Release|Any CPU
		{FD51C331-1185-4BD3-BC64-955E10E17A30}.Release|Any CPU.Build.0 = Release|Any CPU
	EndGlobalSection
	GlobalSection(SolutionProperties) = preSolution
		HideSolutionNode = FALSE
	EndGlobalSection
	GlobalSection(ExtensibilityGlobals) = postSolution
		SolutionGuid = {F2343A8D-8DF5-4F54-B194-69CD8D015B1C}
	EndGlobalSection
EndGlobal
